
Microsoft Visual Studio Solution File, Format Version 12.00
# Visual Studio 2012
Project("{FAE04EC0-301F-11D3-BF4B-00C04F79EFBC}") = "FTAnalyzer", "FTAnalyzer\FTAnalyzer.csproj", "{EE106C3A-38A4-4962-A747-8D5D17AE3039}"
EndProject
Project("{D954291E-2A0B-460D-934E-DC6B0785DB48}") = "FTAnalyzer.Shared", "..\FTAnalyzer.Shared\FTAnalyzer.Shared\FTAnalyzer.Shared.shproj", "{89621EBE-2416-4E13-BF69-F1C145908518}"
EndProject
Project("{2150E333-8FDC-42A3-9474-1A3956D46DE8}") = "Solution Items", "Solution Items", "{0016BFF1-A6A3-49AC-A26E-093548683673}"
	ProjectSection(SolutionItems) = preProject
		ToDoList.txt = ToDoList.txt
	EndProjectSection
EndProject
Project("{2150E333-8FDC-42A3-9474-1A3956D46DE8}") = "docs", "docs", "{22E07357-4110-408A-A878-9D1F33440731}"
	ProjectSection(SolutionItems) = preProject
		docs\readme.md = docs\readme.md
		docs\Whats New in this Release.md = docs\Whats New in this Release.md
		docs\android-chrome-192x192.png = docs\android-chrome-192x192.png
		docs\android-chrome-512x512.png = docs\android-chrome-512x512.png
		docs\apple-touch-icon.png = docs\apple-touch-icon.png
		docs\favicon-16x16.png = docs\favicon-16x16.png
		docs\favicon-32x32.png = docs\favicon-32x32.png
		docs\favicon.ico = docs\favicon.ico
		docs\mstile-150x150.png = docs\mstile-150x150.png
	EndProjectSection
EndProject
Project("{2150E333-8FDC-42A3-9474-1A3956D46DE8}") = "issues", "issues", "{4DA751DE-22B5-46EB-AB21-449C1F46DD6B}"
	ProjectSection(SolutionItems) = preProject
		docs\issues\index.md = docs\issues\index.md
	EndProjectSection
EndProject
Project("{2150E333-8FDC-42A3-9474-1A3956D46DE8}") = "releases", "releases", "{5DF16135-8B08-4FD5-B65F-77CE0CE4A935}"
	ProjectSection(SolutionItems) = preProject
		docs\releases\IdentifiedDeveloper.png = docs\releases\IdentifiedDeveloper.png
		docs\releases\index.md = docs\releases\index.md
	EndProjectSection
EndProject
Global
	GlobalSection(SolutionConfigurationPlatforms) = preSolution
		Debug|x86 = Debug|x86
		Release|x86 = Release|x86
		Debug|Any CPU = Debug|Any CPU
		Release|Any CPU = Release|Any CPU
	EndGlobalSection
	GlobalSection(ProjectConfigurationPlatforms) = postSolution
		{EE106C3A-38A4-4962-A747-8D5D17AE3039}.Debug|Any CPU.ActiveCfg = Debug|Any CPU
		{EE106C3A-38A4-4962-A747-8D5D17AE3039}.Debug|Any CPU.Build.0 = Debug|Any CPU
		{EE106C3A-38A4-4962-A747-8D5D17AE3039}.Release|Any CPU.ActiveCfg = Release|Any CPU
		{EE106C3A-38A4-4962-A747-8D5D17AE3039}.Release|Any CPU.Build.0 = Release|Any CPU
	EndGlobalSection
	GlobalSection(MonoDevelopProperties) = preSolution
		version = 1.0.0
		Policies = $0
		$0.StandardHeader = $1
		$0.VersionControlPolicy = $2
		$2.CommitMessageStyle = $3
		$3.FileSeparator = ", "
		$3.LineAlign = 0
		$0.DotNetNamingPolicy = $4
		$4.DirectoryNamespaceAssociation = PrefixedHierarchical
		$0.TextStylePolicy = $5
		$5.inheritsSet = null
		$5.scope = text/x-json
		$0.JSONFormattingPolicy = $6
		$6.AutoStructureCompletion = True
		$6.BracePositions = SemiExpanded
		$6.FormatOnPaste = True
		$6.scope = text/x-json
		description = Analyzer the depths of your family tree with a native Mac OS App.
	EndGlobalSection
	GlobalSection(NestedProjects) = preSolution
		{4DA751DE-22B5-46EB-AB21-449C1F46DD6B} = {22E07357-4110-408A-A878-9D1F33440731}
		{5DF16135-8B08-4FD5-B65F-77CE0CE4A935} = {22E07357-4110-408A-A878-9D1F33440731}
	EndGlobalSection
EndGlobal
