
Microsoft Visual Studio Solution File, Format Version 12.00
# Visual Studio Version 16
VisualStudioVersion = 25.0.1706.5
MinimumVisualStudioVersion = 10.0.40219.1
Project("{FAE04EC0-301F-11D3-BF4B-00C04F79EFBC}") = "FTAnalyzer", "FTAnalyzer/FTAnalyzer.csproj", "{8C18F739-FBDC-4EBF-9325-BD5DCC47D5BC}"
EndProject
Project("{D954291E-2A0B-460D-934E-DC6B0785DB48}") = "FTAnalyzer.Shared", "..\FTAnalyzer.Shared\FTAnalyzer.Shared\FTAnalyzer.Shared.shproj", "{89621EBE-2416-4E13-BF69-F1C145908518}"
EndProject
Project("{D954291E-2A0B-460D-934E-DC6B0785DB48}") = "Shared.Mac-iOS", "..\Shared.Mac-iOS\Shared.Mac-iOS.shproj", "{194B93F9-9227-4701-8193-970154D9F379}"
EndProject
Global
	GlobalSection(SolutionConfigurationPlatforms) = preSolution
		Debug|Any CPU = Debug|Any CPU
		Release|Any CPU = Release|Any CPU
	EndGlobalSection
	GlobalSection(ProjectConfigurationPlatforms) = postSolution
		{8C18F739-FBDC-4EBF-9325-BD5DCC47D5BC}.Debug|Any CPU.ActiveCfg = Debug|Any CPU
		{8C18F739-FBDC-4EBF-9325-BD5DCC47D5BC}.Debug|Any CPU.Build.0 = Debug|Any CPU
		{8C18F739-FBDC-4EBF-9325-BD5DCC47D5BC}.Release|Any CPU.ActiveCfg = Release|Any CPU
		{8C18F739-FBDC-4EBF-9325-BD5DCC47D5BC}.Release|Any CPU.Build.0 = Release|Any CPU
	EndGlobalSection
	GlobalSection(SolutionProperties) = preSolution
		HideSolutionNode = FALSE
	EndGlobalSection
	GlobalSection(ExtensibilityGlobals) = postSolution
		SolutionGuid = {16EB261F-C638-423A-A996-547FAC2528C8}
	EndGlobalSection
EndGlobal
